Microsoft Visual Studio Solution File, Format Version 12.00
# Visual Studio 2012
Project("{FAE04EC0-301F-11D3-BF4B-00C04F79EFBC}") = "ZZ Party", "ZZ Party.csproj", "{3D6BF45A-00EF-4BE9-AC39-C355F4DAE894}"
EndProject
Global
	GlobalSection(SolutionConfigurationPlatforms) = preSolution
	Debug|Any CPU = Debug|Any CPU
	ExportDebug|Any CPU = ExportDebug|Any CPU
	ExportRelease|Any CPU = ExportRelease|Any CPU
	EndGlobalSection
	GlobalSection(ProjectConfigurationPlatforms) = postSolution
		{3D6BF45A-00EF-4BE9-AC39-C355F4DAE894}.Debug|Any CPU.ActiveCfg = Debug|Any CPU
		{3D6BF45A-00EF-4BE9-AC39-C355F4DAE894}.Debug|Any CPU.Build.0 = Debug|Any CPU
		{3D6BF45A-00EF-4BE9-AC39-C355F4DAE894}.ExportDebug|Any CPU.ActiveCfg = ExportDebug|Any CPU
		{3D6BF45A-00EF-4BE9-AC39-C355F4DAE894}.ExportDebug|Any CPU.Build.0 = ExportDebug|Any CPU
		{3D6BF45A-00EF-4BE9-AC39-C355F4DAE894}.ExportRelease|Any CPU.ActiveCfg = ExportRelease|Any CPU
		{3D6BF45A-00EF-4BE9-AC39-C355F4DAE894}.ExportRelease|Any CPU.Build.0 = ExportRelease|Any CPU
	EndGlobalSection
EndGlobal
